// !$*UTF8*$!
{
	archiveVersion = 1;
	classes = {
	};
	objectVersion = 74;
	objects = {

/* Begin PBXContainerItemProxy section */
		F5467AC32C96D7E5007BB91E /* PBXContainerItemProxy */ = {
			isa = PBXContainerItemProxy;
			containerPortal = F5467AA92C96D7E4007BB91E /* Project object */;
			proxyType = 1;
			remoteGlobalIDString = F5467AB02C96D7E4007BB91E;
			remoteInfo = airpodsMac;
		};
		F5467ACD2C96D7E5007BB91E /* PBXContainerItemProxy */ = {
			isa = PBXContainerItemProxy;
			containerPortal = F5467AA92C96D7E4007BB91E /* Project object */;
			proxyType = 1;
			remoteGlobalIDString = F5467AB02C96D7E4007BB91E;
			remoteInfo = airpodsMac;
		};
/* End PBXContainerItemProxy section */

/* Begin PBXFileReference section */
		F5467AB12C96D7E4007BB91E /* airpodsMac.app */ = {isa = PBXFileReference; explicitFileType = wrapper.application; includeInIndex = 0; path = airpodsMac.app; sourceTree = BUILT_PRODUCTS_DIR; };
		F5467AC22C96D7E5007BB91E /* airpodsMacTests.xctest */ = {isa = PBXFileReference; explicitFileType = wrapper.cfbundle; includeInIndex = 0; path = airpodsMacTests.xctest; sourceTree = BUILT_PRODUCTS_DIR; };
		F5467ACC2C96D7E5007BB91E /* airpodsMacUITests.xctest */ = {isa = PBXFileReference; explicitFileType = wrapper.cfbundle; includeInIndex = 0; path = airpodsMacUITests.xctest; sourceTree = BUILT_PRODUCTS_DIR; };
/* End PBXFileReference section */

/* Begin PBXFileSystemSynchronizedBuildFileExceptionSet section */
		F5467AD42C96D7E5007BB91E /* PBXFileSystemSynchronizedBuildFileExceptionSet */ = {
			isa = PBXFileSystemSynchronizedBuildFileExceptionSet;
			membershipExceptions = (
				/Localized/Main.storyboard,
			);
			target = F5467AB02C96D7E4007BB91E /* airpodsMac */;
		};
/* End PBXFileSystemSynchronizedBuildFileExceptionSet section */

/* Begin PBXFileSystemSynchronizedGroupBuildPhaseMembershipExceptionSet section */
		F5467AD82C96D7E5007BB91E /* PBXFileSystemSynchronizedGroupBuildPhaseMembershipExceptionSet */ = {
			isa = PBXFileSystemSynchronizedGroupBuildPhaseMembershipExceptionSet;
			buildPhase = F5467AAF2C96D7E4007BB91E /* Resources */;
			membershipExceptions = (
				Base.lproj/Main.storyboard,
			);
		};
/* End PBXFileSystemSynchronizedGroupBuildPhaseMembershipExceptionSet section */

/* Begin PBXFileSystemSynchronizedRootGroup section */
		F5467AB32C96D7E4007BB91E /* airpodsMac */ = {isa = PBXFileSystemSynchronizedRootGroup; exceptions = (F5467AD42C96D7E5007BB91E /* PBXFileSystemSynchronizedBuildFileExceptionSet */, F5467AD82C96D7E5007BB91E /* PBXFileSystemSynchronizedGroupBuildPhaseMembershipExceptionSet */, ); explicitFileTypes = {}; explicitFolders = (); path = airpodsMac; sourceTree = "<group>"; };
		F5467AC52C96D7E5007BB91E /* airpodsMacTests */ = {isa = PBXFileSystemSynchronizedRootGroup; explicitFileTypes = {}; explicitFolders = (); path = airpodsMacTests; sourceTree = "<group>"; };
		F5467ACF2C96D7E5007BB91E /* airpodsMacUITests */ = {isa = PBXFileSystemSynchronizedRootGroup; explicitFileTypes = {}; explicitFolders = (); path = airpodsMacUITests; sourceTree = "<group>"; };
/* End PBXFileSystemSynchronizedRootGroup section */

/* Begin PBXFrameworksBuildPhase section */
		F5467AAE2C96D7E4007BB91E /* Frameworks */ = {
			isa = PBXFrameworksBuildPhase;
			buildActionMask = 2147483647;
			files = (
			);
			runOnlyForDeploymentPostprocessing = 0;
		};
		F5467ABF2C96D7E5007BB91E /* Frameworks */ = {
			isa = PBXFrameworksBuildPhase;
			buildActionMask = 2147483647;
			files = (
			);
			runOnlyForDeploymentPostprocessing = 0;
		};
		F5467AC92C96D7E5007BB91E /* Frameworks */ = {
			isa = PBXFrameworksBuildPhase;
			buildActionMask = 2147483647;
			files = (
			);
			runOnlyForDeploymentPostprocessing = 0;
		};
/* End PBXFrameworksBuildPhase section */

/* Begin PBXGroup section */
		F5467AA82C96D7E4007BB91E = {
			isa = PBXGroup;
			children = (
				F5467AB32C96D7E4007BB91E /* airpodsMac */,
				F5467AC52C96D7E5007BB91E /* airpodsMacTests */,
				F5467ACF2C96D7E5007BB91E /* airpodsMacUITests */,
				F5467AB22C96D7E4007BB91E /* Products */,
			);
			sourceTree = "<group>";
		};
		F5467AB22C96D7E4007BB91E /* Products */ = {
			isa = PBXGroup;
			children = (
				F5467AB12C96D7E4007BB91E /* airpodsMac.app */,
				F5467AC22C96D7E5007BB91E /* airpodsMacTests.xctest */,
				F5467ACC2C96D7E5007BB91E /* airpodsMacUITests.xctest */,
			);
			name = Products;
			sourceTree = "<group>";
		};
/* End PBXGroup section */

/* Begin PBXNativeTarget section */
		F5467AB02C96D7E4007BB91E /* airpodsMac */ = {
			isa = PBXNativeTarget;
			buildConfigurationList = F5467AD52C96D7E5007BB91E /* Build configuration list for PBXNativeTarget "airpodsMac" */;
			buildPhases = (
				F5467AAD2C96D7E4007BB91E /* Sources */,
				F5467AAE2C96D7E4007BB91E /* Frameworks */,
				F5467AAF2C96D7E4007BB91E /* Resources */,
			);
			buildRules = (
			);
			dependencies = (
			);
			fileSystemSynchronizedGroups = (
				F5467AB32C96D7E4007BB91E /* airpodsMac */,
			);
			name = airpodsMac;
			packageProductDependencies = (
			);
			productName = airpodsMac;
			productReference = F5467AB12C96D7E4007BB91E /* airpodsMac.app */;
			productType = "com.apple.product-type.application";
		};
		F5467AC12C96D7E5007BB91E /* airpodsMacTests */ = {
			isa = PBXNativeTarget;
			buildConfigurationList = F5467ADB2C96D7E5007BB91E /* Build configuration list for PBXNativeTarget "airpodsMacTests" */;
			buildPhases = (
				F5467ABE2C96D7E5007BB91E /* Sources */,
				F5467ABF2C96D7E5007BB91E /* Frameworks */,
				F5467AC02C96D7E5007BB91E /* Resources */,
			);
			buildRules = (
			);
			dependencies = (
				F5467AC42C96D7E5007BB91E /* PBXTargetDependency */,
			);
			fileSystemSynchronizedGroups = (
				F5467AC52C96D7E5007BB91E /* airpodsMacTests */,
			);
			name = airpodsMacTests;
			packageProductDependencies = (
			);
			productName = airpodsMacTests;
			productReference = F5467AC22C96D7E5007BB91E /* airpodsMacTests.xctest */;
			productType = "com.apple.product-type.bundle.unit-test";
		};
		F5467ACB2C96D7E5007BB91E /* airpodsMacUITests */ = {
			isa = PBXNativeTarget;
			buildConfigurationList = F5467ADE2C96D7E5007BB91E /* Build configuration list for PBXNativeTarget "airpodsMacUITests" */;
			buildPhases = (
				F5467AC82C96D7E5007BB91E /* Sources */,
				F5467AC92C96D7E5007BB91E /* Frameworks */,
				F5467ACA2C96D7E5007BB91E /* Resources */,
			);
			buildRules = (
			);
			dependencies = (
				F5467ACE2C96D7E5007BB91E /* PBXTargetDependency */,
			);
			fileSystemSynchronizedGroups = (
				F5467ACF2C96D7E5007BB91E /* airpodsMacUITests */,
			);
			name = airpodsMacUITests;
			packageProductDependencies = (
			);
			productName = airpodsMacUITests;
			productReference = F5467ACC2C96D7E5007BB91E /* airpodsMacUITests.xctest */;
			productType = "com.apple.product-type.bundle.ui-testing";
		};
/* End PBXNativeTarget section */

/* Begin PBXProject section */
		F5467AA92C96D7E4007BB91E /* Project object */ = {
			isa = PBXProject;
			attributes = {
				BuildIndependentTargetsInParallel = 1;
				LastSwiftUpdateCheck = 1600;
				LastUpgradeCheck = 1600;
				TargetAttributes = {
					F5467AB02C96D7E4007BB91E = {
						CreatedOnToolsVersion = 16.0;
					};
					F5467AC12C96D7E5007BB91E = {
						CreatedOnToolsVersion = 16.0;
						TestTargetID = F5467AB02C96D7E4007BB91E;
					};
					F5467ACB2C96D7E5007BB91E = {
						CreatedOnToolsVersion = 16.0;
						TestTargetID = F5467AB02C96D7E4007BB91E;
					};
				};
			};
			buildConfigurationList = F5467AAC2C96D7E4007BB91E /* Build configuration list for PBXProject "airpodsMac" */;
			developmentRegion = en;
			hasScannedForEncodings = 0;
			knownRegions = (
				en,
				Base,
			);
			mainGroup = F5467AA82C96D7E4007BB91E;
			preferredProjectObjectVersion = 60;
			productRefGroup = F5467AB22C96D7E4007BB91E /* Products */;
			projectDirPath = "";
			projectRoot = "";
			targets = (
				F5467AB02C96D7E4007BB91E /* airpodsMac */,
				F5467AC12C96D7E5007BB91E /* airpodsMacTests */,
				F5467ACB2C96D7E5007BB91E /* airpodsMacUITests */,
			);
		};
/* End PBXProject section */

/* Begin PBXResourcesBuildPhase section */
		F5467AAF2C96D7E4007BB91E /* Resources */ = {
			isa = PBXResourcesBuildPhase;
			buildActionMask = 2147483647;
			files = (
			);
			runOnlyForDeploymentPostprocessing = 0;
		};
		F5467AC02C96D7E5007BB91E /* Resources */ = {
			isa = PBXResourcesBuildPhase;
			buildActionMask = 2147483647;
			files = (
			);
			runOnlyForDeploymentPostprocessing = 0;
		};
		F5467ACA2C96D7E5007BB91E /* Resources */ = {
			isa = PBXResourcesBuildPhase;
			buildActionMask = 2147483647;
			files = (
			);
			runOnlyForDeploymentPostprocessing = 0;
		};
/* End PBXResourcesBuildPhase section */

/* Begin PBXSourcesBuildPhase section */
		F5467AAD2C96D7E4007BB91E /* Sources */ = {
			isa = PBXSourcesBuildPhase;
			buildActionMask = 2147483647;
			files = (
			);
			runOnlyForDeploymentPostprocessing = 0;
		};
		F5467ABE2C96D7E5007BB91E /* Sources */ = {
			isa = PBXSourcesBuildPhase;
			buildActionMask = 2147483647;
			files = (
			);
			runOnlyForDeploymentPostprocessing = 0;
		};
		F5467AC82C96D7E5007BB91E /* Sources */ = {
			isa = PBXSourcesBuildPhase;
			buildActionMask = 2147483647;
			files = (
			);
			runOnlyForDeploymentPostprocessing = 0;
		};
/* End PBXSourcesBuildPhase section */

/* Begin PBXTargetDependency section */
		F5467AC42C96D7E5007BB91E /* PBXTargetDependency */ = {
			isa = PBXTargetDependency;
			target = F5467AB02C96D7E4007BB91E /* airpodsMac */;
			targetProxy = F5467AC32C96D7E5007BB91E /* PBXContainerItemProxy */;
		};
		F5467ACE2C96D7E5007BB91E /* PBXTargetDependency */ = {
			isa = PBXTargetDependency;
			target = F5467AB02C96D7E4007BB91E /* airpodsMac */;
			targetProxy = F5467ACD2C96D7E5007BB91E /* PBXContainerItemProxy */;
		};
/* End PBXTargetDependency section */

/* Begin XCBuildConfiguration section */
		F5467AD62C96D7E5007BB91E /* Debug */ = {
			isa = XCBuildConfiguration;
			buildSettings = {
				ASSETCATALOG_COMPILER_APPICON_NAME = AppIcon;
				ASSETCATALOG_COMPILER_GLOBAL_ACCENT_COLOR_NAME = AccentColor;
				CODE_SIGN_ENTITLEMENTS = airpodsMac/airpodsMac.entitlements;
				CODE_SIGN_STYLE = Automatic;
				COMBINE_HIDPI_IMAGES = YES;
				CURRENT_PROJECT_VERSION = 1;
				DEVELOPMENT_TEAM = YBU3PRP9U5;
				ENABLE_HARDENED_RUNTIME = YES;
				GENERATE_INFOPLIST_FILE = YES;
				INFOPLIST_KEY_NSHumanReadableCopyright = "";
				INFOPLIST_KEY_NSMainStoryboardFile = Main;
				INFOPLIST_KEY_NSMotionUsageDescription = 123;
				INFOPLIST_KEY_NSPrincipalClass = NSApplication;
				LD_RUNPATH_SEARCH_PATHS = (
					"$(inherited)",
					"@executable_path/../Frameworks",
				);
				MACOSX_DEPLOYMENT_TARGET = 15.0;
				MARKETING_VERSION = 1.0;
				PRODUCT_BUNDLE_IDENTIFIER = kr.abc.airpodsMac;
				PRODUCT_NAME = "$(TARGET_NAME)";
				SWIFT_EMIT_LOC_STRINGS = YES;
				SWIFT_VERSION = 5.0;
			};
			name = Debug;
		};
		F5467AD72C96D7E5007BB91E /* Release */ = {
			isa = XCBuildConfiguration;
			buildSettings = {
				ASSETCATALOG_COMPILER_APPICON_NAME = AppIcon;
				ASSETCATALOG_COMPILER_GLOBAL_ACCENT_COLOR_NAME = AccentColor;
				CODE_SIGN_ENTITLEMENTS = airpodsMac/airpodsMac.entitlements;
				CODE_SIGN_STYLE = Automatic;
				COMBINE_HIDPI_IMAGES = YES;
				CURRENT_PROJECT_VERSION = 1;
				DEVELOPMENT_TEAM = YBU3PRP9U5;
				ENABLE_HARDENED_RUNTIME = YES;
				GENERATE_INFOPLIST_FILE = YES;
				INFOPLIST_KEY_NSHumanReadableCopyright = "";
				INFOPLIST_KEY_NSMainStoryboardFile = Main;
				INFOPLIST_KEY_NSMotionUsageDescription = 123;
				INFOPLIST_KEY_NSPrincipalClass = NSApplication;
				LD_RUNPATH_SEARCH_PATHS = (
					"$(inherited)",
					"@executable_path/../Frameworks",
				);
				MACOSX_DEPLOYMENT_TARGET = 15.0;
				MARKETING_VERSION = 1.0;
				PRODUCT_BUNDLE_IDENTIFIER = kr.abc.airpodsMac;
				PRODUCT_NAME = "$(TARGET_NAME)";
				SWIFT_EMIT_LOC_STRINGS = YES;
				SWIFT_VERSION = 5.0;
			};
			name = Release;
		};
		F5467AD92C96D7E5007BB91E /* Debug */ = {
			isa = XCBuildConfiguration;
			buildSettings = {
				ALWAYS_SEARCH_USER_PATHS = NO;
				ASSETCATALOG_COMPILER_GENERATE_SWIFT_ASSET_SYMBOL_EXTENSIONS = YES;
				CLANG_ANALYZER_NONNULL = YES;
				CLANG_ANALYZER_NUMBER_OBJECT_CONVERSION = YES_AGGRESSIVE;
				CLANG_CXX_LANGUAGE_STANDARD = "gnu++20";
				CLANG_ENABLE_MODULES = YES;
				CLANG_ENABLE_OBJC_ARC = YES;
				CLANG_ENABLE_OBJC_WEAK = YES;
				CLANG_WARN_BLOCK_CAPTURE_AUTORELEASING = YES;
				CLANG_WARN_BOOL_CONVERSION = YES;
				CLANG_WARN_COMMA = YES;
				CLANG_WARN_CONSTANT_CONVERSION = YES;
				CLANG_WARN_DEPRECATED_OBJC_IMPLEMENTATIONS = YES;
				CLANG_WARN_DIRECT_OBJC_ISA_USAGE = YES_ERROR;
				CLANG_WARN_DOCUMENTATION_COMMENTS = YES;
				CLANG_WARN_EMPTY_BODY = YES;
				CLANG_WARN_ENUM_CONVERSION = YES;
				CLANG_WARN_INFINITE_RECURSION = YES;
				CLANG_WARN_INT_CONVERSION = YES;
				CLANG_WARN_NON_LITERAL_NULL_CONVERSION = YES;
				CLANG_WARN_OBJC_IMPLICIT_RETAIN_SELF = YES;
				CLANG_WARN_OBJC_LITERAL_CONVERSION = YES;
				CLANG_WARN_OBJC_ROOT_CLASS = YES_ERROR;
				CLANG_WARN_QUOTED_INCLUDE_IN_FRAMEWORK_HEADER = YES;
				CLANG_WARN_RANGE_LOOP_ANALYSIS = YES;
				CLANG_WARN_STRICT_PROTOTYPES = YES;
				CLANG_WARN_SUSPICIOUS_MOVE = YES;
				CLANG_WARN_UNGUARDED_AVAILABILITY = YES_AGGRESSIVE;
				CLANG_WARN_UNREACHABLE_CODE = YES;
				CLANG_WARN__DUPLICATE_METHOD_MATCH = YES;
				COPY_PHASE_STRIP = NO;
				DEBUG_INFORMATION_FORMAT = dwarf;
				ENABLE_STRICT_OBJC_MSGSEND = YES;
				ENABLE_TESTABILITY = YES;
				ENABLE_USER_SCRIPT_SANDBOXING = YES;
				GCC_C_LANGUAGE_STANDARD = gnu17;
				GCC_DYNAMIC_NO_PIC = NO;
				GCC_NO_COMMON_BLOCKS = YES;
				GCC_OPTIMIZATION_LEVEL = 0;
				GCC_PREPROCESSOR_DEFINITIONS = (
					"DEBUG=1",
					"$(inherited)",
				);
				GCC_WARN_64_TO_32_BIT_CONVERSION = YES;
				GCC_WARN_ABOUT_RETURN_TYPE = YES_ERROR;
				GCC_WARN_UNDECLARED_SELECTOR = YES;
				GCC_WARN_UNINITIALIZED_AUTOS = YES_AGGRESSIVE;
				GCC_WARN_UNUSED_FUNCTION = YES;
				GCC_WARN_UNUSED_VARIABLE = YES;
				LOCALIZATION_PREFERS_STRING_CATALOGS = YES;
				MACOSX_DEPLOYMENT_TARGET = 15.0;
				MTL_ENABLE_DEBUG_INFO = INCLUDE_SOURCE;
				MTL_FAST_MATH = YES;
				ONLY_ACTIVE_ARCH = YES;
				SDKROOT = macosx;
				SWIFT_ACTIVE_COMPILATION_CONDITIONS = "DEBUG $(inherited)";
				SWIFT_OPTIMIZATION_LEVEL = "-Onone";
			};
			name = Debug;
		};
		F5467ADA2C96D7E5007BB91E /* Release */ = {
			isa = XCBuildConfiguration;
			buildSettings = {
				ALWAYS_SEARCH_USER_PATHS = NO;
				ASSETCATALOG_COMPILER_GENERATE_SWIFT_ASSET_SYMBOL_EXTENSIONS = YES;
				CLANG_ANALYZER_NONNULL = YES;
				CLANG_ANALYZER_NUMBER_OBJECT_CONVERSION = YES_AGGRESSIVE;
				CLANG_CXX_LANGUAGE_STANDARD = "gnu++20";
				CLANG_ENABLE_MODULES = YES;
				CLANG_ENABLE_OBJC_ARC = YES;
				CLANG_ENABLE_OBJC_WEAK = YES;
				CLANG_WARN_BLOCK_CAPTURE_AUTORELEASING = YES;
				CLANG_WARN_BOOL_CONVERSION = YES;
				CLANG_WARN_COMMA = YES;
				CLANG_WARN_CONSTANT_CONVERSION = YES;
				CLANG_WARN_DEPRECATED_OBJC_IMPLEMENTATIONS = YES;
				CLANG_WARN_DIRECT_OBJC_ISA_USAGE = YES_ERROR;
				CLANG_WARN_DOCUMENTATION_COMMENTS = YES;
				CLANG_WARN_EMPTY_BODY = YES;
				CLANG_WARN_ENUM_CONVERSION = YES;
				CLANG_WARN_INFINITE_RECURSION = YES;
				CLANG_WARN_INT_CONVERSION = YES;
				CLANG_WARN_NON_LITERAL_NULL_CONVERSION = YES;
				CLANG_WARN_OBJC_IMPLICIT_RETAIN_SELF = YES;
				CLANG_WARN_OBJC_LITERAL_CONVERSION = YES;
				CLANG_WARN_OBJC_ROOT_CLASS = YES_ERROR;
				CLANG_WARN_QUOTED_INCLUDE_IN_FRAMEWORK_HEADER = YES;
				CLANG_WARN_RANGE_LOOP_ANALYSIS = YES;
				CLANG_WARN_STRICT_PROTOTYPES = YES;
				CLANG_WARN_SUSPICIOUS_MOVE = YES;
				CLANG_WARN_UNGUARDED_AVAILABILITY = YES_AGGRESSIVE;
				CLANG_WARN_UNREACHABLE_CODE = YES;
				CLANG_WARN__DUPLICATE_METHOD_MATCH = YES;
				COPY_PHASE_STRIP = NO;
				DEBUG_INFORMATION_FORMAT = "dwarf-with-dsym";
				ENABLE_NS_ASSERTIONS = NO;
				ENABLE_STRICT_OBJC_MSGSEND = YES;
				ENABLE_USER_SCRIPT_SANDBOXING = YES;
				GCC_C_LANGUAGE_STANDARD = gnu17;
				GCC_NO_COMMON_BLOCKS = YES;
				GCC_WARN_64_TO_32_BIT_CONVERSION = YES;
				GCC_WARN_ABOUT_RETURN_TYPE = YES_ERROR;
				GCC_WARN_UNDECLARED_SELECTOR = YES;
				GCC_WARN_UNINITIALIZED_AUTOS = YES_AGGRESSIVE;
				GCC_WARN_UNUSED_FUNCTION = YES;
				GCC_WARN_UNUSED_VARIABLE = YES;
				LOCALIZATION_PREFERS_STRING_CATALOGS = YES;
				MACOSX_DEPLOYMENT_TARGET = 15.0;
				MTL_ENABLE_DEBUG_INFO = NO;
				MTL_FAST_MATH = YES;
				SDKROOT = macosx;
				SWIFT_COMPILATION_MODE = wholemodule;
			};
			name = Release;
		};
		F5467ADC2C96D7E5007BB91E /* Debug */ = {
			isa = XCBuildConfiguration;
			buildSettings = {
				BUNDLE_LOADER = "$(TEST_HOST)";
				CODE_SIGN_STYLE = Automatic;
				CURRENT_PROJECT_VERSION = 1;
				DEVELOPMENT_TEAM = YBU3PRP9U5;
				GENERATE_INFOPLIST_FILE = YES;
				MACOSX_DEPLOYMENT_TARGET = 15.0;
				MARKETING_VERSION = 1.0;
				PRODUCT_BUNDLE_IDENTIFIER = kr.abc.airpodsMacTests;
				PRODUCT_NAME = "$(TARGET_NAME)";
				SWIFT_EMIT_LOC_STRINGS = NO;
				SWIFT_VERSION = 5.0;
				TEST_HOST = "$(BUILT_PRODUCTS_DIR)/airpodsMac.app/$(BUNDLE_EXECUTABLE_FOLDER_PATH)/airpodsMac";
			};
			name = Debug;
		};
		F5467ADD2C96D7E5007BB91E /* Release */ = {
			isa = XCBuildConfiguration;
			buildSettings = {
				BUNDLE_LOADER = "$(TEST_HOST)";
				CODE_SIGN_STYLE = Automatic;
				CURRENT_PROJECT_VERSION = 1;
				DEVELOPMENT_TEAM = YBU3PRP9U5;
				GENERATE_INFOPLIST_FILE = YES;
				MACOSX_DEPLOYMENT_TARGET = 15.0;
				MARKETING_VERSION = 1.0;
				PRODUCT_BUNDLE_IDENTIFIER = kr.abc.airpodsMacTests;
				PRODUCT_NAME = "$(TARGET_NAME)";
				SWIFT_EMIT_LOC_STRINGS = NO;
				SWIFT_VERSION = 5.0;
				TEST_HOST = "$(BUILT_PRODUCTS_DIR)/airpodsMac.app/$(BUNDLE_EXECUTABLE_FOLDER_PATH)/airpodsMac";
			};
			name = Release;
		};
		F5467ADF2C96D7E5007BB91E /* Debug */ = {
			isa = XCBuildConfiguration;
			buildSettings = {
				CODE_SIGN_STYLE = Automatic;
				CURRENT_PROJECT_VERSION = 1;
				DEVELOPMENT_TEAM = YBU3PRP9U5;
				GENERATE_INFOPLIST_FILE = YES;
				MARKETING_VERSION = 1.0;
				PRODUCT_BUNDLE_IDENTIFIER = kr.abc.airpodsMacUITests;
				PRODUCT_NAME = "$(TARGET_NAME)";
				SWIFT_EMIT_LOC_STRINGS = NO;
				SWIFT_VERSION = 5.0;
				TEST_TARGET_NAME = airpodsMac;
			};
			name = Debug;
		};
		F5467AE02C96D7E5007BB91E /* Release */ = {
			isa = XCBuildConfiguration;
			buildSettings = {
				CODE_SIGN_STYLE = Automatic;
				CURRENT_PROJECT_VERSION = 1;
				DEVELOPMENT_TEAM = YBU3PRP9U5;
				GENERATE_INFOPLIST_FILE = YES;
				MARKETING_VERSION = 1.0;
				PRODUCT_BUNDLE_IDENTIFIER = kr.abc.airpodsMacUITests;
				PRODUCT_NAME = "$(TARGET_NAME)";
				SWIFT_EMIT_LOC_STRINGS = NO;
				SWIFT_VERSION = 5.0;
				TEST_TARGET_NAME = airpodsMac;
			};
			name = Release;
		};
/* End XCBuildConfiguration section */

/* Begin XCConfigurationList section */
		F5467AAC2C96D7E4007BB91E /* Build configuration list for PBXProject "airpodsMac" */ = {
			isa = XCConfigurationList;
			buildConfigurations = (
				F5467AD92C96D7E5007BB91E /* Debug */,
				F5467ADA2C96D7E5007BB91E /* Release */,
			);
			defaultConfigurationIsVisible = 0;
			defaultConfigurationName = Release;
		};
		F5467AD52C96D7E5007BB91E /* Build configuration list for PBXNativeTarget "airpodsMac" */ = {
			isa = XCConfigurationList;
			buildConfigurations = (
				F5467AD62C96D7E5007BB91E /* Debug */,
				F5467AD72C96D7E5007BB91E /* Release */,
			);
			defaultConfigurationIsVisible = 0;
			defaultConfigurationName = Release;
		};
		F5467ADB2C96D7E5007BB91E /* Build configuration list for PBXNativeTarget "airpodsMacTests" */ = {
			isa = XCConfigurationList;
			buildConfigurations = (
				F5467ADC2C96D7E5007BB91E /* Debug */,
				F5467ADD2C96D7E5007BB91E /* Release */,
			);
			defaultConfigurationIsVisible = 0;
			defaultConfigurationName = Release;
		};
		F5467ADE2C96D7E5007BB91E /* Build configuration list for PBXNativeTarget "airpodsMacUITests" */ = {
			isa = XCConfigurationList;
			buildConfigurations = (
				F5467ADF2C96D7E5007BB91E /* Debug */,
				F5467AE02C96D7E5007BB91E /* Release */,
			);
			defaultConfigurationIsVisible = 0;
			defaultConfigurationName = Release;
		};
/* End XCConfigurationList section */
	};
	rootObject = F5467AA92C96D7E4007BB91E /* Project object */;
}
